
Microsoft Visual Studio Solution File, Format Version 12.00
# Visual Studio Version 16
VisualStudioVersion = 16.0.30907.101
MinimumVisualStudioVersion = 10.0.40219.1
Project("{FAE04EC0-301F-11D3-BF4B-00C04F79EFBC}") = "004 Pilas", "004 Pilas.csproj", "{E757143C-A78C-41CB-9148-4F5819CC7408}"
EndProject
Global
	GlobalSection(SolutionConfigurationPlatforms) = preSolution
		Debug|Any CPU = Debug|Any CPU
		Release|Any CPU = Release|Any CPU
	EndGlobalSection
	GlobalSection(ProjectConfigurationPlatforms) = postSolution
		{E757143C-A78C-41CB-9148-4F5819CC7408}.Debug|Any CPU.ActiveCfg = Debug|Any CPU
		{E757143C-A78C-41CB-9148-4F5819CC7408}.Debug|Any CPU.Build.0 = Debug|Any CPU
		{E757143C-A78C-41CB-9148-4F5819CC7408}.Release|Any CPU.ActiveCfg = Release|Any CPU
		{E757143C-A78C-41CB-9148-4F5819CC7408}.Release|Any CPU.Build.0 = Release|Any CPU
	EndGlobalSection
	GlobalSection(SolutionProperties) = preSolution
		HideSolutionNode = FALSE
	EndGlobalSection
	GlobalSection(ExtensibilityGlobals) = postSolution
		SolutionGuid = {ED364085-E7EE-4DD4-AC28-D91B9FC9A24B}
	EndGlobalSection
EndGlobal
