
Microsoft Visual Studio Solution File, Format Version 12.00
# Visual Studio Version 16
VisualStudioVersion = 16.0.31410.357
MinimumVisualStudioVersion = 10.0.40219.1
Project("{FAE04EC0-301F-11D3-BF4B-00C04F79EFBC}") = "048 Base64forms", "048 Base64forms\048 Base64forms.csproj", "{45E62218-7FB4-4CB2-9D0F-750A4D5DE1D1}"
EndProject
Global
	GlobalSection(SolutionConfigurationPlatforms) = preSolution
		Debug|Any CPU = Debug|Any CPU
		Release|Any CPU = Release|Any CPU
	EndGlobalSection
	GlobalSection(ProjectConfigurationPlatforms) = postSolution
		{45E62218-7FB4-4CB2-9D0F-750A4D5DE1D1}.Debug|Any CPU.ActiveCfg = Debug|Any CPU
		{45E62218-7FB4-4CB2-9D0F-750A4D5DE1D1}.Debug|Any CPU.Build.0 = Debug|Any CPU
		{45E62218-7FB4-4CB2-9D0F-750A4D5DE1D1}.Release|Any CPU.ActiveCfg = Release|Any CPU
		{45E62218-7FB4-4CB2-9D0F-750A4D5DE1D1}.Release|Any CPU.Build.0 = Release|Any CPU
	EndGlobalSection
	GlobalSection(SolutionProperties) = preSolution
		HideSolutionNode = FALSE
	EndGlobalSection
	GlobalSection(ExtensibilityGlobals) = postSolution
		SolutionGuid = {13D1AE0B-6F68-4F79-8ABF-56596FA6650B}
	EndGlobalSection
EndGlobal
