
Microsoft Visual Studio Solution File, Format Version 12.00
# Visual Studio Version 16
VisualStudioVersion = 16.0.31515.178
MinimumVisualStudioVersion = 10.0.40219.1
Project("{FAE04EC0-301F-11D3-BF4B-00C04F79EFBC}") = "056 NullSafe", "056 NullSafe\056 NullSafe.csproj", "{901533B2-B342-42F9-BB92-2223F33EB953}"
EndProject
Global
	GlobalSection(SolutionConfigurationPlatforms) = preSolution
		Debug|Any CPU = Debug|Any CPU
		Release|Any CPU = Release|Any CPU
	EndGlobalSection
	GlobalSection(ProjectConfigurationPlatforms) = postSolution
		{901533B2-B342-42F9-BB92-2223F33EB953}.Debug|Any CPU.ActiveCfg = Debug|Any CPU
		{901533B2-B342-42F9-BB92-2223F33EB953}.Debug|Any CPU.Build.0 = Debug|Any CPU
		{901533B2-B342-42F9-BB92-2223F33EB953}.Release|Any CPU.ActiveCfg = Release|Any CPU
		{901533B2-B342-42F9-BB92-2223F33EB953}.Release|Any CPU.Build.0 = Release|Any CPU
	EndGlobalSection
	GlobalSection(SolutionProperties) = preSolution
		HideSolutionNode = FALSE
	EndGlobalSection
	GlobalSection(ExtensibilityGlobals) = postSolution
		SolutionGuid = {EAD5B886-9C6B-4D05-BF9A-42752DD244AF}
	EndGlobalSection
EndGlobal
