
Microsoft Visual Studio Solution File, Format Version 12.00
# Visual Studio Version 16
VisualStudioVersion = 16.0.31321.278
MinimumVisualStudioVersion = 10.0.40219.1
Project("{FAE04EC0-301F-11D3-BF4B-00C04F79EFBC}") = "041 GeneraCodigos", "041 GeneraCodigos\041 GeneraCodigos.csproj", "{3A11A6FB-5E0D-4367-9042-BC0789C62802}"
EndProject
Global
	GlobalSection(SolutionConfigurationPlatforms) = preSolution
		Debug|Any CPU = Debug|Any CPU
		Release|Any CPU = Release|Any CPU
	EndGlobalSection
	GlobalSection(ProjectConfigurationPlatforms) = postSolution
		{3A11A6FB-5E0D-4367-9042-BC0789C62802}.Debug|Any CPU.ActiveCfg = Debug|Any CPU
		{3A11A6FB-5E0D-4367-9042-BC0789C62802}.Debug|Any CPU.Build.0 = Debug|Any CPU
		{3A11A6FB-5E0D-4367-9042-BC0789C62802}.Release|Any CPU.ActiveCfg = Release|Any CPU
		{3A11A6FB-5E0D-4367-9042-BC0789C62802}.Release|Any CPU.Build.0 = Release|Any CPU
	EndGlobalSection
	GlobalSection(SolutionProperties) = preSolution
		HideSolutionNode = FALSE
	EndGlobalSection
	GlobalSection(ExtensibilityGlobals) = postSolution
		SolutionGuid = {BA6142E5-FD9A-415A-8916-41DE028B3064}
	EndGlobalSection
EndGlobal
