
Microsoft Visual Studio Solution File, Format Version 12.00
# Visual Studio Version 17
VisualStudioVersion = 17.0.32112.339
MinimumVisualStudioVersion = 10.0.40219.1
Project("{FAE04EC0-301F-11D3-BF4B-00C04F79EFBC}") = "076 appsetingnet6", "076 appsetingnet6\076 appsetingnet6.csproj", "{EAEE9637-06EF-4DD8-906C-7529D6E620C3}"
EndProject
Global
	GlobalSection(SolutionConfigurationPlatforms) = preSolution
		Debug|Any CPU = Debug|Any CPU
		Release|Any CPU = Release|Any CPU
	EndGlobalSection
	GlobalSection(ProjectConfigurationPlatforms) = postSolution
		{EAEE9637-06EF-4DD8-906C-7529D6E620C3}.Debug|Any CPU.ActiveCfg = Debug|Any CPU
		{EAEE9637-06EF-4DD8-906C-7529D6E620C3}.Debug|Any CPU.Build.0 = Debug|Any CPU
		{EAEE9637-06EF-4DD8-906C-7529D6E620C3}.Release|Any CPU.ActiveCfg = Release|Any CPU
		{EAEE9637-06EF-4DD8-906C-7529D6E620C3}.Release|Any CPU.Build.0 = Release|Any CPU
	EndGlobalSection
	GlobalSection(SolutionProperties) = preSolution
		HideSolutionNode = FALSE
	EndGlobalSection
	GlobalSection(ExtensibilityGlobals) = postSolution
		SolutionGuid = {3F165A7F-5581-4B66-8D83-C63005E4418E}
	EndGlobalSection
EndGlobal
