
Microsoft Visual Studio Solution File, Format Version 12.00
# Visual Studio Version 16
VisualStudioVersion = 16.0.31729.503
MinimumVisualStudioVersion = 10.0.40219.1
Project("{FAE04EC0-301F-11D3-BF4B-00C04F79EFBC}") = "066 EncontrarNumArray", "066 EncontrarNumArray\066 EncontrarNumArray.csproj", "{C8970AE3-1807-4949-9712-BC5DDD63F913}"
EndProject
Global
	GlobalSection(SolutionConfigurationPlatforms) = preSolution
		Debug|Any CPU = Debug|Any CPU
		Release|Any CPU = Release|Any CPU
	EndGlobalSection
	GlobalSection(ProjectConfigurationPlatforms) = postSolution
		{C8970AE3-1807-4949-9712-BC5DDD63F913}.Debug|Any CPU.ActiveCfg = Debug|Any CPU
		{C8970AE3-1807-4949-9712-BC5DDD63F913}.Debug|Any CPU.Build.0 = Debug|Any CPU
		{C8970AE3-1807-4949-9712-BC5DDD63F913}.Release|Any CPU.ActiveCfg = Release|Any CPU
		{C8970AE3-1807-4949-9712-BC5DDD63F913}.Release|Any CPU.Build.0 = Release|Any CPU
	EndGlobalSection
	GlobalSection(SolutionProperties) = preSolution
		HideSolutionNode = FALSE
	EndGlobalSection
	GlobalSection(ExtensibilityGlobals) = postSolution
		SolutionGuid = {ACE6862F-8251-46FA-BC48-B67DC478D868}
	EndGlobalSection
EndGlobal
