
Microsoft Visual Studio Solution File, Format Version 12.00
# Visual Studio Version 16
VisualStudioVersion = 16.0.31025.194
MinimumVisualStudioVersion = 10.0.40219.1
Project("{FAE04EC0-301F-11D3-BF4B-00C04F79EFBC}") = "016 ExpresionesLamda", "016 ExpresionesLamda\016 ExpresionesLamda.csproj", "{AA370792-8483-4814-86D6-02251AB09965}"
EndProject
Global
	GlobalSection(SolutionConfigurationPlatforms) = preSolution
		Debug|Any CPU = Debug|Any CPU
		Release|Any CPU = Release|Any CPU
	EndGlobalSection
	GlobalSection(ProjectConfigurationPlatforms) = postSolution
		{AA370792-8483-4814-86D6-02251AB09965}.Debug|Any CPU.ActiveCfg = Debug|Any CPU
		{AA370792-8483-4814-86D6-02251AB09965}.Debug|Any CPU.Build.0 = Debug|Any CPU
		{AA370792-8483-4814-86D6-02251AB09965}.Release|Any CPU.ActiveCfg = Release|Any CPU
		{AA370792-8483-4814-86D6-02251AB09965}.Release|Any CPU.Build.0 = Release|Any CPU
	EndGlobalSection
	GlobalSection(SolutionProperties) = preSolution
		HideSolutionNode = FALSE
	EndGlobalSection
	GlobalSection(ExtensibilityGlobals) = postSolution
		SolutionGuid = {D1079520-AB6F-47A1-B4CE-F3E4A580C2C7}
	EndGlobalSection
EndGlobal
