
Microsoft Visual Studio Solution File, Format Version 12.00
# Visual Studio Version 16
VisualStudioVersion = 16.0.31515.178
MinimumVisualStudioVersion = 10.0.40219.1
Project("{FAE04EC0-301F-11D3-BF4B-00C04F79EFBC}") = "059 Trabajdno con matrices", "059 Trabajdno con matrices\059 Trabajdno con matrices.csproj", "{7B1D7E25-7C54-41C4-8905-77556B1CE908}"
EndProject
Global
	GlobalSection(SolutionConfigurationPlatforms) = preSolution
		Debug|Any CPU = Debug|Any CPU
		Release|Any CPU = Release|Any CPU
	EndGlobalSection
	GlobalSection(ProjectConfigurationPlatforms) = postSolution
		{7B1D7E25-7C54-41C4-8905-77556B1CE908}.Debug|Any CPU.ActiveCfg = Debug|Any CPU
		{7B1D7E25-7C54-41C4-8905-77556B1CE908}.Debug|Any CPU.Build.0 = Debug|Any CPU
		{7B1D7E25-7C54-41C4-8905-77556B1CE908}.Release|Any CPU.ActiveCfg = Release|Any CPU
		{7B1D7E25-7C54-41C4-8905-77556B1CE908}.Release|Any CPU.Build.0 = Release|Any CPU
	EndGlobalSection
	GlobalSection(SolutionProperties) = preSolution
		HideSolutionNode = FALSE
	EndGlobalSection
	GlobalSection(ExtensibilityGlobals) = postSolution
		SolutionGuid = {427DCFC6-7417-4AF3-A2BB-9C46641688D7}
	EndGlobalSection
EndGlobal
