
Microsoft Visual Studio Solution File, Format Version 12.00
# Visual Studio Version 16
VisualStudioVersion = 16.0.30804.86
MinimumVisualStudioVersion = 10.0.40219.1
Project("{FAE04EC0-301F-11D3-BF4B-00C04F79EFBC}") = "Strings", "Strings\Strings.csproj", "{6E488C01-EBC6-43A4-AE06-566A9AD24835}"
EndProject
Global
	GlobalSection(SolutionConfigurationPlatforms) = preSolution
		Debug|Any CPU = Debug|Any CPU
		Release|Any CPU = Release|Any CPU
	EndGlobalSection
	GlobalSection(ProjectConfigurationPlatforms) = postSolution
		{6E488C01-EBC6-43A4-AE06-566A9AD24835}.Debug|Any CPU.ActiveCfg = Debug|Any CPU
		{6E488C01-EBC6-43A4-AE06-566A9AD24835}.Debug|Any CPU.Build.0 = Debug|Any CPU
		{6E488C01-EBC6-43A4-AE06-566A9AD24835}.Release|Any CPU.ActiveCfg = Release|Any CPU
		{6E488C01-EBC6-43A4-AE06-566A9AD24835}.Release|Any CPU.Build.0 = Release|Any CPU
	EndGlobalSection
	GlobalSection(SolutionProperties) = preSolution
		HideSolutionNode = FALSE
	EndGlobalSection
	GlobalSection(ExtensibilityGlobals) = postSolution
		SolutionGuid = {BBC1BD6E-86B5-4372-A4E0-B307A00FDC3F}
	EndGlobalSection
EndGlobal
