
Microsoft Visual Studio Solution File, Format Version 12.00
# Visual Studio Version 16
VisualStudioVersion = 16.0.31025.194
MinimumVisualStudioVersion = 10.0.40219.1
Project("{FAE04EC0-301F-11D3-BF4B-00C04F79EFBC}") = "017 intercambiar valores", "017 intercambiar valores\017 intercambiar valores.csproj", "{948E2A31-4134-4B70-B094-DBBE8387BDE1}"
EndProject
Global
	GlobalSection(SolutionConfigurationPlatforms) = preSolution
		Debug|Any CPU = Debug|Any CPU
		Release|Any CPU = Release|Any CPU
	EndGlobalSection
	GlobalSection(ProjectConfigurationPlatforms) = postSolution
		{948E2A31-4134-4B70-B094-DBBE8387BDE1}.Debug|Any CPU.ActiveCfg = Debug|Any CPU
		{948E2A31-4134-4B70-B094-DBBE8387BDE1}.Debug|Any CPU.Build.0 = Debug|Any CPU
		{948E2A31-4134-4B70-B094-DBBE8387BDE1}.Release|Any CPU.ActiveCfg = Release|Any CPU
		{948E2A31-4134-4B70-B094-DBBE8387BDE1}.Release|Any CPU.Build.0 = Release|Any CPU
	EndGlobalSection
	GlobalSection(SolutionProperties) = preSolution
		HideSolutionNode = FALSE
	EndGlobalSection
	GlobalSection(ExtensibilityGlobals) = postSolution
		SolutionGuid = {874B08A0-EB57-46D8-B517-BE8E444C23E0}
	EndGlobalSection
EndGlobal
