
Microsoft Visual Studio Solution File, Format Version 12.00
# Visual Studio Version 16
VisualStudioVersion = 16.0.31515.178
MinimumVisualStudioVersion = 10.0.40219.1
Project("{FAE04EC0-301F-11D3-BF4B-00C04F79EFBC}") = "060 split", "060 split\060 split.csproj", "{FBD043AF-C4E8-4551-8AA9-C77F6FEBF909}"
EndProject
Global
	GlobalSection(SolutionConfigurationPlatforms) = preSolution
		Debug|Any CPU = Debug|Any CPU
		Release|Any CPU = Release|Any CPU
	EndGlobalSection
	GlobalSection(ProjectConfigurationPlatforms) = postSolution
		{FBD043AF-C4E8-4551-8AA9-C77F6FEBF909}.Debug|Any CPU.ActiveCfg = Debug|Any CPU
		{FBD043AF-C4E8-4551-8AA9-C77F6FEBF909}.Debug|Any CPU.Build.0 = Debug|Any CPU
		{FBD043AF-C4E8-4551-8AA9-C77F6FEBF909}.Release|Any CPU.ActiveCfg = Release|Any CPU
		{FBD043AF-C4E8-4551-8AA9-C77F6FEBF909}.Release|Any CPU.Build.0 = Release|Any CPU
	EndGlobalSection
	GlobalSection(SolutionProperties) = preSolution
		HideSolutionNode = FALSE
	EndGlobalSection
	GlobalSection(ExtensibilityGlobals) = postSolution
		SolutionGuid = {B2708EC4-21BC-411C-AA3C-E4F2DCC85A97}
	EndGlobalSection
EndGlobal
