
Microsoft Visual Studio Solution File, Format Version 12.00
# Visual Studio Version 16
VisualStudioVersion = 16.0.31410.357
MinimumVisualStudioVersion = 10.0.40219.1
Project("{FAE04EC0-301F-11D3-BF4B-00C04F79EFBC}") = "050 CrudImagenes", "050 CrudImagenes\050 CrudImagenes.csproj", "{1C4C3463-EA5F-40FF-ABF3-DB203009B009}"
EndProject
Global
	GlobalSection(SolutionConfigurationPlatforms) = preSolution
		Debug|Any CPU = Debug|Any CPU
		Release|Any CPU = Release|Any CPU
	EndGlobalSection
	GlobalSection(ProjectConfigurationPlatforms) = postSolution
		{1C4C3463-EA5F-40FF-ABF3-DB203009B009}.Debug|Any CPU.ActiveCfg = Debug|Any CPU
		{1C4C3463-EA5F-40FF-ABF3-DB203009B009}.Debug|Any CPU.Build.0 = Debug|Any CPU
		{1C4C3463-EA5F-40FF-ABF3-DB203009B009}.Release|Any CPU.ActiveCfg = Release|Any CPU
		{1C4C3463-EA5F-40FF-ABF3-DB203009B009}.Release|Any CPU.Build.0 = Release|Any CPU
	EndGlobalSection
	GlobalSection(SolutionProperties) = preSolution
		HideSolutionNode = FALSE
	EndGlobalSection
	GlobalSection(ExtensibilityGlobals) = postSolution
		SolutionGuid = {5DB6A9AE-BD76-4B2A-ADDA-58E95E6A33BB}
	EndGlobalSection
EndGlobal
