
Microsoft Visual Studio Solution File, Format Version 12.00
# Visual Studio Version 16
VisualStudioVersion = 16.0.31129.286
MinimumVisualStudioVersion = 10.0.40219.1
Project("{FAE04EC0-301F-11D3-BF4B-00C04F79EFBC}") = "034 Moda,Media.Mediana", "034 Moda,Media.Mediana\034 Moda,Media.Mediana.csproj", "{EF876433-CB7A-4A8D-B3B9-AC27931D3129}"
EndProject
Global
	GlobalSection(SolutionConfigurationPlatforms) = preSolution
		Debug|Any CPU = Debug|Any CPU
		Release|Any CPU = Release|Any CPU
	EndGlobalSection
	GlobalSection(ProjectConfigurationPlatforms) = postSolution
		{EF876433-CB7A-4A8D-B3B9-AC27931D3129}.Debug|Any CPU.ActiveCfg = Debug|Any CPU
		{EF876433-CB7A-4A8D-B3B9-AC27931D3129}.Debug|Any CPU.Build.0 = Debug|Any CPU
		{EF876433-CB7A-4A8D-B3B9-AC27931D3129}.Release|Any CPU.ActiveCfg = Release|Any CPU
		{EF876433-CB7A-4A8D-B3B9-AC27931D3129}.Release|Any CPU.Build.0 = Release|Any CPU
	EndGlobalSection
	GlobalSection(SolutionProperties) = preSolution
		HideSolutionNode = FALSE
	EndGlobalSection
	GlobalSection(ExtensibilityGlobals) = postSolution
		SolutionGuid = {3C958EFB-783E-4C08-A2A8-E41BC41C0606}
	EndGlobalSection
EndGlobal
