
Microsoft Visual Studio Solution File, Format Version 12.00
# Visual Studio Version 16
VisualStudioVersion = 16.0.30804.86
MinimumVisualStudioVersion = 10.0.40219.1
Project("{FAE04EC0-301F-11D3-BF4B-00C04F79EFBC}") = "NumerosPrimos", "NumerosPrimos\NumerosPrimos.csproj", "{9580BD66-1630-43F9-8480-D7CAFFA7E92B}"
EndProject
Global
	GlobalSection(SolutionConfigurationPlatforms) = preSolution
		Debug|Any CPU = Debug|Any CPU
		Release|Any CPU = Release|Any CPU
	EndGlobalSection
	GlobalSection(ProjectConfigurationPlatforms) = postSolution
		{9580BD66-1630-43F9-8480-D7CAFFA7E92B}.Debug|Any CPU.ActiveCfg = Debug|Any CPU
		{9580BD66-1630-43F9-8480-D7CAFFA7E92B}.Debug|Any CPU.Build.0 = Debug|Any CPU
		{9580BD66-1630-43F9-8480-D7CAFFA7E92B}.Release|Any CPU.ActiveCfg = Release|Any CPU
		{9580BD66-1630-43F9-8480-D7CAFFA7E92B}.Release|Any CPU.Build.0 = Release|Any CPU
	EndGlobalSection
	GlobalSection(SolutionProperties) = preSolution
		HideSolutionNode = FALSE
	EndGlobalSection
	GlobalSection(ExtensibilityGlobals) = postSolution
		SolutionGuid = {F45312A5-D503-4921-BD30-D38EB08E964E}
	EndGlobalSection
EndGlobal
