
Microsoft Visual Studio Solution File, Format Version 12.00
# Visual Studio Version 16
VisualStudioVersion = 16.0.31410.357
MinimumVisualStudioVersion = 10.0.40219.1
Project("{FAE04EC0-301F-11D3-BF4B-00C04F79EFBC}") = "043 Substring", "043 Substring\043 Substring.csproj", "{0B230724-72E5-4FB9-A915-9F9419FBBC61}"
EndProject
Global
	GlobalSection(SolutionConfigurationPlatforms) = preSolution
		Debug|Any CPU = Debug|Any CPU
		Release|Any CPU = Release|Any CPU
	EndGlobalSection
	GlobalSection(ProjectConfigurationPlatforms) = postSolution
		{0B230724-72E5-4FB9-A915-9F9419FBBC61}.Debug|Any CPU.ActiveCfg = Debug|Any CPU
		{0B230724-72E5-4FB9-A915-9F9419FBBC61}.Debug|Any CPU.Build.0 = Debug|Any CPU
		{0B230724-72E5-4FB9-A915-9F9419FBBC61}.Release|Any CPU.ActiveCfg = Release|Any CPU
		{0B230724-72E5-4FB9-A915-9F9419FBBC61}.Release|Any CPU.Build.0 = Release|Any CPU
	EndGlobalSection
	GlobalSection(SolutionProperties) = preSolution
		HideSolutionNode = FALSE
	EndGlobalSection
	GlobalSection(ExtensibilityGlobals) = postSolution
		SolutionGuid = {04D07742-9165-4E4B-8548-559817AD4206}
	EndGlobalSection
EndGlobal
