
Microsoft Visual Studio Solution File, Format Version 12.00
# Visual Studio Version 16
VisualStudioVersion = 16.0.31321.278
MinimumVisualStudioVersion = 10.0.40219.1
Project("{FAE04EC0-301F-11D3-BF4B-00C04F79EFBC}") = "039 Metodos de listas y lin1", "039 Metodos de listas y lin1\039 Metodos de listas y lin1.csproj", "{87AAFEDE-A421-4111-B8FF-23B842348FBC}"
EndProject
Global
	GlobalSection(SolutionConfigurationPlatforms) = preSolution
		Debug|Any CPU = Debug|Any CPU
		Release|Any CPU = Release|Any CPU
	EndGlobalSection
	GlobalSection(ProjectConfigurationPlatforms) = postSolution
		{87AAFEDE-A421-4111-B8FF-23B842348FBC}.Debug|Any CPU.ActiveCfg = Debug|Any CPU
		{87AAFEDE-A421-4111-B8FF-23B842348FBC}.Debug|Any CPU.Build.0 = Debug|Any CPU
		{87AAFEDE-A421-4111-B8FF-23B842348FBC}.Release|Any CPU.ActiveCfg = Release|Any CPU
		{87AAFEDE-A421-4111-B8FF-23B842348FBC}.Release|Any CPU.Build.0 = Release|Any CPU
	EndGlobalSection
	GlobalSection(SolutionProperties) = preSolution
		HideSolutionNode = FALSE
	EndGlobalSection
	GlobalSection(ExtensibilityGlobals) = postSolution
		SolutionGuid = {D00B386E-FB3A-45D5-9333-3EF9CEC7532F}
	EndGlobalSection
EndGlobal
